// !$*UTF8*$!
{
	archiveVersion = 1;
	classes = {
	};
	objectVersion = 51;
	objects = {

/* Begin PBXBuildFile section */
		8408933F26D7E66B0064E851 /* BaseResult.swift in Sources */ = {isa = PBXBuildFile; fileRef = 8408931126D7E66B0064E851 /* BaseResult.swift */; };
		8408934026D7E66B0064E851 /* GenreResponse.swift in Sources */ = {isa = PBXBuildFile; fileRef = 8408931326D7E66B0064E851 /* GenreResponse.swift */; };
		8408934526D7E66B0064E851 /* HTTPStatusCode.swift in Sources */ = {isa = PBXBuildFile; fileRef = 8408931826D7E66B0064E851 /* HTTPStatusCode.swift */; };
		8408934C26D7E66B0064E851 /* BaseRequest.swift in Sources */ = {isa = PBXBuildFile; fileRef = 8408932226D7E66B0064E851 /* BaseRequest.swift */; };
		8408935026D7E66B0064E851 /* GenreRequest.swift in Sources */ = {isa = PBXBuildFile; fileRef = 8408932626D7E66B0064E851 /* GenreRequest.swift */; };
		8408935326D7E66B0064E851 /* APIService.swift in Sources */ = {isa = PBXBuildFile; fileRef = 8408932A26D7E66B0064E851 /* APIService.swift */; };
		8408935426D7E66B0064E851 /* ErrorResponse.swift in Sources */ = {isa = PBXBuildFile; fileRef = 8408932C26D7E66B0064E851 /* ErrorResponse.swift */; };
		8408935526D7E66B0064E851 /* BaseError.swift in Sources */ = {isa = PBXBuildFile; fileRef = 8408932D26D7E66B0064E851 /* BaseError.swift */; };
		8408935C26D7E66B0064E851 /* Genre.swift in Sources */ = {isa = PBXBuildFile; fileRef = 8408933926D7E66B0064E851 /* Genre.swift */; };
		8408938426D7E97C0064E851 /* URLs.swift in Sources */ = {isa = PBXBuildFile; fileRef = 8408938326D7E97C0064E851 /* URLs.swift */; };
		8408938726D7E9C10064E851 /* APIKey.swift in Sources */ = {isa = PBXBuildFile; fileRef = 8408938626D7E9C10064E851 /* APIKey.swift */; };
		8408938B26D7EC6E0064E851 /* GenreRepository.swift in Sources */ = {isa = PBXBuildFile; fileRef = 8408938A26D7EC6E0064E851 /* GenreRepository.swift */; };
		842F113A26D7BBA100731112 /* AppNavigator.swift in Sources */ = {isa = PBXBuildFile; fileRef = 842F113926D7BBA100731112 /* AppNavigator.swift */; };
		842F113D26D7BC5900731112 /* AppViewModel.swift in Sources */ = {isa = PBXBuildFile; fileRef = 842F113C26D7BC5900731112 /* AppViewModel.swift */; };
		842F114026D7C18700731112 /* TabbarViewModel.swift in Sources */ = {isa = PBXBuildFile; fileRef = 842F113F26D7C18700731112 /* TabbarViewModel.swift */; };
		842F114326D7C1A900731112 /* TabbarNavigator.swift in Sources */ = {isa = PBXBuildFile; fileRef = 842F114226D7C1A900731112 /* TabbarNavigator.swift */; };
		842F114626D7CE3D00731112 /* HomeViewModel.swift in Sources */ = {isa = PBXBuildFile; fileRef = 842F114526D7CE3D00731112 /* HomeViewModel.swift */; };
		842F114926D7CF1F00731112 /* HomeNavigator.swift in Sources */ = {isa = PBXBuildFile; fileRef = 842F114826D7CF1F00731112 /* HomeNavigator.swift */; };
		842F114C26D7CF8400731112 /* HomeUseCase.swift in Sources */ = {isa = PBXBuildFile; fileRef = 842F114B26D7CF8400731112 /* HomeUseCase.swift */; };
		842F114F26D7D06900731112 /* GenreViewModel.swift in Sources */ = {isa = PBXBuildFile; fileRef = 842F114E26D7D06900731112 /* GenreViewModel.swift */; };
		842F115226D7D0B400731112 /* GenreNavigator.swift in Sources */ = {isa = PBXBuildFile; fileRef = 842F115126D7D0B400731112 /* GenreNavigator.swift */; };
		842F115526D7D0FE00731112 /* GenreUseCase.swift in Sources */ = {isa = PBXBuildFile; fileRef = 842F115426D7D0FE00731112 /* GenreUseCase.swift */; };
		842F115826D7D2E800731112 /* FavoriteNavigator.swift in Sources */ = {isa = PBXBuildFile; fileRef = 842F115726D7D2E800731112 /* FavoriteNavigator.swift */; };
		842F115B26D7D33500731112 /* FavoriteUseCase.swift in Sources */ = {isa = PBXBuildFile; fileRef = 842F115A26D7D33500731112 /* FavoriteUseCase.swift */; };
		842F115E26D7D35700731112 /* FavoriteViewModel.swift in Sources */ = {isa = PBXBuildFile; fileRef = 842F115D26D7D35700731112 /* FavoriteViewModel.swift */; };
		843443F726D68FD9009300BB /* HomeViewController.swift in Sources */ = {isa = PBXBuildFile; fileRef = 843443F626D68FD9009300BB /* HomeViewController.swift */; };
		843443FB26D6900E009300BB /* Home.storyboard in Resources */ = {isa = PBXBuildFile; fileRef = 843443FA26D6900E009300BB /* Home.storyboard */; };
		8434440026D6905D009300BB /* StoryBoard.swift in Sources */ = {isa = PBXBuildFile; fileRef = 843443FF26D6905D009300BB /* StoryBoard.swift */; };
		8434440426D69147009300BB /* Genre.storyboard in Resources */ = {isa = PBXBuildFile; fileRef = 8434440326D69147009300BB /* Genre.storyboard */; };
		8434440726D6915C009300BB /* GenreViewController.swift in Sources */ = {isa = PBXBuildFile; fileRef = 8434440626D6915C009300BB /* GenreViewController.swift */; };
		8434440B26D69246009300BB /* Favorite.storyboard in Resources */ = {isa = PBXBuildFile; fileRef = 8434440A26D69246009300BB /* Favorite.storyboard */; };
		8434440E26D69255009300BB /* FavoriteViewController.swift in Sources */ = {isa = PBXBuildFile; fileRef = 8434440D26D69255009300BB /* FavoriteViewController.swift */; };
		8458A85F26D6793E0081BED2 /* AppDelegate.swift in Sources */ = {isa = PBXBuildFile; fileRef = 8458A85E26D6793E0081BED2 /* AppDelegate.swift */; };
		8458A86326D6793E0081BED2 /* TabbarViewController.swift in Sources */ = {isa = PBXBuildFile; fileRef = 8458A86226D6793E0081BED2 /* TabbarViewController.swift */; };
		8458A86626D6793E0081BED2 /* Main.storyboard in Resources */ = {isa = PBXBuildFile; fileRef = 8458A86426D6793E0081BED2 /* Main.storyboard */; };
		8458A86826D6793F0081BED2 /* Assets.xcassets in Resources */ = {isa = PBXBuildFile; fileRef = 8458A86726D6793F0081BED2 /* Assets.xcassets */; };
		8458A86B26D6793F0081BED2 /* LaunchScreen.storyboard in Resources */ = {isa = PBXBuildFile; fileRef = 8458A86926D6793F0081BED2 /* LaunchScreen.storyboard */; };
		847E67D126DE75AA00139926 /* SearchViewModel.swift in Sources */ = {isa = PBXBuildFile; fileRef = 847E67D026DE75AA00139926 /* SearchViewModel.swift */; };
		847E67D426DE75B300139926 /* SearchNavigator.swift in Sources */ = {isa = PBXBuildFile; fileRef = 847E67D326DE75B300139926 /* SearchNavigator.swift */; };
		847E67D726DE75D700139926 /* SearchUseCase.swift in Sources */ = {isa = PBXBuildFile; fileRef = 847E67D626DE75D700139926 /* SearchUseCase.swift */; };
		847E67DA26DE796A00139926 /* MovieDetailViewModelType.swift in Sources */ = {isa = PBXBuildFile; fileRef = 847E67D926DE796A00139926 /* MovieDetailViewModelType.swift */; };
		847E67DD26DE797E00139926 /* MovieDetailNavigator.swift in Sources */ = {isa = PBXBuildFile; fileRef = 847E67DC26DE797E00139926 /* MovieDetailNavigator.swift */; };
		847E67E026DE798B00139926 /* MovieDetailUseCase.swift in Sources */ = {isa = PBXBuildFile; fileRef = 847E67DF26DE798B00139926 /* MovieDetailUseCase.swift */; };
		8481DD0126DD10F900AF2E05 /* MovieByGenreDataSourceDelegate.swift in Sources */ = {isa = PBXBuildFile; fileRef = 8481DD0026DD10F900AF2E05 /* MovieByGenreDataSourceDelegate.swift */; };
		8481DD0626DD17D200AF2E05 /* MovieRepository.swift in Sources */ = {isa = PBXBuildFile; fileRef = 8481DD0526DD17D200AF2E05 /* MovieRepository.swift */; };
		8481DD0926DD18A300AF2E05 /* MovieResponse.swift in Sources */ = {isa = PBXBuildFile; fileRef = 8481DD0826DD18A300AF2E05 /* MovieResponse.swift */; };
		8481DD0C26DD195A00AF2E05 /* Movie.swift in Sources */ = {isa = PBXBuildFile; fileRef = 8481DD0B26DD195A00AF2E05 /* Movie.swift */; };
		8481DD0F26DD22B100AF2E05 /* MovieRequest.swift in Sources */ = {isa = PBXBuildFile; fileRef = 8481DD0E26DD22B100AF2E05 /* MovieRequest.swift */; };
		8481DD1226DD3EA500AF2E05 /* Date+.swift in Sources */ = {isa = PBXBuildFile; fileRef = 8481DD1126DD3EA500AF2E05 /* Date+.swift */; };
		84BE03E926DB202900EB254D /* MovieByGenreViewModel.swift in Sources */ = {isa = PBXBuildFile; fileRef = 84BE03E826DB202900EB254D /* MovieByGenreViewModel.swift */; };
		84BE03EC26DB21D900EB254D /* MovieByGenreNavigator.swift in Sources */ = {isa = PBXBuildFile; fileRef = 84BE03EB26DB21D900EB254D /* MovieByGenreNavigator.swift */; };
		84BE03EF26DB2B7600EB254D /* MovieByGenreUseCase.swift in Sources */ = {isa = PBXBuildFile; fileRef = 84BE03EE26DB2B7600EB254D /* MovieByGenreUseCase.swift */; };
		84BE03F426DB30EE00EB254D /* MovieByGenreCell.swift in Sources */ = {isa = PBXBuildFile; fileRef = 84BE03F226DB30EE00EB254D /* MovieByGenreCell.swift */; };
		84BE03F526DB30EE00EB254D /* MovieByGenreCell.xib in Resources */ = {isa = PBXBuildFile; fileRef = 84BE03F326DB30EE00EB254D /* MovieByGenreCell.xib */; };
		84CB070F26DA383600311E11 /* MovieDetail.storyboard in Resources */ = {isa = PBXBuildFile; fileRef = 84CB070E26DA383600311E11 /* MovieDetail.storyboard */; };
		84CB071226DA384D00311E11 /* MovieDetailViewController.swift in Sources */ = {isa = PBXBuildFile; fileRef = 84CB071126DA384D00311E11 /* MovieDetailViewController.swift */; };
		84CB071626DA394E00311E11 /* MovieByGenreViewController.swift in Sources */ = {isa = PBXBuildFile; fileRef = 84CB071526DA394E00311E11 /* MovieByGenreViewController.swift */; };
		84CB071926DA39A800311E11 /* MovieByGenre.storyboard in Resources */ = {isa = PBXBuildFile; fileRef = 84CB071826DA39A800311E11 /* MovieByGenre.storyboard */; };
		84CB071D26DA3B0E00311E11 /* Search.storyboard in Resources */ = {isa = PBXBuildFile; fileRef = 84CB071C26DA3B0E00311E11 /* Search.storyboard */; };
		84CB072026DA3B1E00311E11 /* SearchViewController.swift in Sources */ = {isa = PBXBuildFile; fileRef = 84CB071F26DA3B1E00311E11 /* SearchViewController.swift */; };
		84CB072526DA449300311E11 /* NowMovieDataSourceDelegate.swift in Sources */ = {isa = PBXBuildFile; fileRef = 84CB072426DA449300311E11 /* NowMovieDataSourceDelegate.swift */; };
		84CB072826DA47F900311E11 /* ViewControllerType.swift in Sources */ = {isa = PBXBuildFile; fileRef = 84CB072726DA47F900311E11 /* ViewControllerType.swift */; };
		84CB072D26DA48B100311E11 /* NowCell.swift in Sources */ = {isa = PBXBuildFile; fileRef = 84CB072B26DA48B100311E11 /* NowCell.swift */; };
		84CB072E26DA48B100311E11 /* NowCell.xib in Resources */ = {isa = PBXBuildFile; fileRef = 84CB072C26DA48B100311E11 /* NowCell.xib */; };
		84CB073126DA4F6D00311E11 /* TopMovieDataSourceDelegate.swift in Sources */ = {isa = PBXBuildFile; fileRef = 84CB073026DA4F6D00311E11 /* TopMovieDataSourceDelegate.swift */; };
		84CB073526DA532200311E11 /* TopCell.swift in Sources */ = {isa = PBXBuildFile; fileRef = 84CB073326DA532200311E11 /* TopCell.swift */; };
		84CB073626DA532200311E11 /* TopCell.xib in Resources */ = {isa = PBXBuildFile; fileRef = 84CB073426DA532200311E11 /* TopCell.xib */; };
		84D8AB6C26D9288300E5539F /* NavigationView.xib in Resources */ = {isa = PBXBuildFile; fileRef = 84D8AB6B26D9288300E5539F /* NavigationView.xib */; };
		84D8AB7326D928FC00E5539F /* NavigationView.swift in Sources */ = {isa = PBXBuildFile; fileRef = 84D8AB7226D928FC00E5539F /* NavigationView.swift */; };
		84E9807426DFD27B007D4F0A /* SearchTextField.swift in Sources */ = {isa = PBXBuildFile; fileRef = 84E9807326DFD27B007D4F0A /* SearchTextField.swift */; };
		84E9807A26DFDA4D007D4F0A /* SearchRequest.swift in Sources */ = {isa = PBXBuildFile; fileRef = 84E9807926DFDA4D007D4F0A /* SearchRequest.swift */; };
		84EE81CB26D9DD1800E38477 /* GenreImageCell.swift in Sources */ = {isa = PBXBuildFile; fileRef = 84EE81C926D9DD1800E38477 /* GenreImageCell.swift */; };
		84EE81CC26D9DD1800E38477 /* GenreImageCell.xib in Resources */ = {isa = PBXBuildFile; fileRef = 84EE81CA26D9DD1800E38477 /* GenreImageCell.xib */; };
		84EE81D226D9DE5400E38477 /* UIView+.swift in Sources */ = {isa = PBXBuildFile; fileRef = 84EE81D126D9DE5400E38477 /* UIView+.swift */; };
		84FDF81A26D935CE00B5767C /* GenreDataSourceDelegate.swift in Sources */ = {isa = PBXBuildFile; fileRef = 84FDF81926D935CE00B5767C /* GenreDataSourceDelegate.swift */; };
		FEB836187A59B34F0EE96D94 /* Pods_MovieMVVM.framework in Frameworks */ = {isa = PBXBuildFile; fileRef = F1E0A2424C70713C2C837CE7 /* Pods_MovieMVVM.framework */; };
/* End PBXBuildFile section */

/* Begin PBXFileReference section */
		565C64386A4B445B29DB5290 /* Pods-MovieMVVM.release.xcconfig */ = {isa = PBXFileReference; includeInIndex = 1; lastKnownFileType = text.xcconfig; name = "Pods-MovieMVVM.release.xcconfig"; path = "Target Support Files/Pods-MovieMVVM/Pods-MovieMVVM.release.xcconfig"; sourceTree = "<group>"; };
		6E308E5504F1AC00236A952C /* Pods-MovieMVVM.debug.xcconfig */ = {isa = PBXFileReference; includeInIndex = 1; lastKnownFileType = text.xcconfig; name = "Pods-MovieMVVM.debug.xcconfig"; path = "Target Support Files/Pods-MovieMVVM/Pods-MovieMVVM.debug.xcconfig"; sourceTree = "<group>"; };
		8408931126D7E66B0064E851 /* BaseResult.swift */ = {isa = PBXFileReference; fileEncoding = 4; lastKnownFileType = sourcecode.swift; path = BaseResult.swift; sourceTree = "<group>"; };
		8408931326D7E66B0064E851 /* GenreResponse.swift */ = {isa = PBXFileReference; fileEncoding = 4; lastKnownFileType = sourcecode.swift; path = GenreResponse.swift; sourceTree = "<group>"; };
		8408931826D7E66B0064E851 /* HTTPStatusCode.swift */ = {isa = PBXFileReference; fileEncoding = 4; lastKnownFileType = sourcecode.swift; path = HTTPStatusCode.swift; sourceTree = "<group>"; };
		8408932226D7E66B0064E851 /* BaseRequest.swift */ = {isa = PBXFileReference; fileEncoding = 4; lastKnownFileType = sourcecode.swift; path = BaseRequest.swift; sourceTree = "<group>"; };
		8408932626D7E66B0064E851 /* GenreRequest.swift */ = {isa = PBXFileReference; fileEncoding = 4; lastKnownFileType = sourcecode.swift; path = GenreRequest.swift; sourceTree = "<group>"; };
		8408932A26D7E66B0064E851 /* APIService.swift */ = {isa = PBXFileReference; fileEncoding = 4; lastKnownFileType = sourcecode.swift; path = APIService.swift; sourceTree = "<group>"; };
		8408932C26D7E66B0064E851 /* ErrorResponse.swift */ = {isa = PBXFileReference; fileEncoding = 4; lastKnownFileType = sourcecode.swift; path = ErrorResponse.swift; sourceTree = "<group>"; };
		8408932D26D7E66B0064E851 /* BaseError.swift */ = {isa = PBXFileReference; fileEncoding = 4; lastKnownFileType = sourcecode.swift; path = BaseError.swift; sourceTree = "<group>"; };
		8408933926D7E66B0064E851 /* Genre.swift */ = {isa = PBXFileReference; fileEncoding = 4; lastKnownFileType = sourcecode.swift; path = Genre.swift; sourceTree = "<group>"; };
		8408938326D7E97C0064E851 /* URLs.swift */ = {isa = PBXFileReference; lastKnownFileType = sourcecode.swift; path = URLs.swift; sourceTree = "<group>"; };
		8408938626D7E9C10064E851 /* APIKey.swift */ = {isa = PBXFileReference; lastKnownFileType = sourcecode.swift; path = APIKey.swift; sourceTree = "<group>"; };
		8408938A26D7EC6E0064E851 /* GenreRepository.swift */ = {isa = PBXFileReference; lastKnownFileType = sourcecode.swift; path = GenreRepository.swift; sourceTree = "<group>"; };
		842F113926D7BBA100731112 /* AppNavigator.swift */ = {isa = PBXFileReference; lastKnownFileType = sourcecode.swift; path = AppNavigator.swift; sourceTree = "<group>"; };
		842F113C26D7BC5900731112 /* AppViewModel.swift */ = {isa = PBXFileReference; lastKnownFileType = sourcecode.swift; path = AppViewModel.swift; sourceTree = "<group>"; };
		842F113F26D7C18700731112 /* TabbarViewModel.swift */ = {isa = PBXFileReference; lastKnownFileType = sourcecode.swift; path = TabbarViewModel.swift; sourceTree = "<group>"; };
		842F114226D7C1A900731112 /* TabbarNavigator.swift */ = {isa = PBXFileReference; lastKnownFileType = sourcecode.swift; path = TabbarNavigator.swift; sourceTree = "<group>"; };
		842F114526D7CE3D00731112 /* HomeViewModel.swift */ = {isa = PBXFileReference; lastKnownFileType = sourcecode.swift; path = HomeViewModel.swift; sourceTree = "<group>"; };
		842F114826D7CF1F00731112 /* HomeNavigator.swift */ = {isa = PBXFileReference; lastKnownFileType = sourcecode.swift; path = HomeNavigator.swift; sourceTree = "<group>"; };
		842F114B26D7CF8400731112 /* HomeUseCase.swift */ = {isa = PBXFileReference; lastKnownFileType = sourcecode.swift; path = HomeUseCase.swift; sourceTree = "<group>"; };
		842F114E26D7D06900731112 /* GenreViewModel.swift */ = {isa = PBXFileReference; lastKnownFileType = sourcecode.swift; path = GenreViewModel.swift; sourceTree = "<group>"; };
		842F115126D7D0B400731112 /* GenreNavigator.swift */ = {isa = PBXFileReference; lastKnownFileType = sourcecode.swift; path = GenreNavigator.swift; sourceTree = "<group>"; };
		842F115426D7D0FE00731112 /* GenreUseCase.swift */ = {isa = PBXFileReference; lastKnownFileType = sourcecode.swift; path = GenreUseCase.swift; sourceTree = "<group>"; };
		842F115726D7D2E800731112 /* FavoriteNavigator.swift */ = {isa = PBXFileReference; lastKnownFileType = sourcecode.swift; path = FavoriteNavigator.swift; sourceTree = "<group>"; };
		842F115A26D7D33500731112 /* FavoriteUseCase.swift */ = {isa = PBXFileReference; lastKnownFileType = sourcecode.swift; path = FavoriteUseCase.swift; sourceTree = "<group>"; };
		842F115D26D7D35700731112 /* FavoriteViewModel.swift */ = {isa = PBXFileReference; lastKnownFileType = sourcecode.swift; path = FavoriteViewModel.swift; sourceTree = "<group>"; };
		843443F626D68FD9009300BB /* HomeViewController.swift */ = {isa = PBXFileReference; lastKnownFileType = sourcecode.swift; path = HomeViewController.swift; sourceTree = "<group>"; };
		843443FA26D6900E009300BB /* Home.storyboard */ = {isa = PBXFileReference; lastKnownFileType = file.storyboard; path = Home.storyboard; sourceTree = "<group>"; };
		843443FF26D6905D009300BB /* StoryBoard.swift */ = {isa = PBXFileReference; lastKnownFileType = sourcecode.swift; path = StoryBoard.swift; sourceTree = "<group>"; };
		8434440326D69147009300BB /* Genre.storyboard */ = {isa = PBXFileReference; lastKnownFileType = file.storyboard; path = Genre.storyboard; sourceTree = "<group>"; };
		8434440626D6915C009300BB /* GenreViewController.swift */ = {isa = PBXFileReference; lastKnownFileType = sourcecode.swift; path = GenreViewController.swift; sourceTree = "<group>"; };
		8434440A26D69246009300BB /* Favorite.storyboard */ = {isa = PBXFileReference; lastKnownFileType = file.storyboard; path = Favorite.storyboard; sourceTree = "<group>"; };
		8434440D26D69255009300BB /* FavoriteViewController.swift */ = {isa = PBXFileReference; lastKnownFileType = sourcecode.swift; path = FavoriteViewController.swift; sourceTree = "<group>"; };
		8458A85B26D6793E0081BED2 /* MovieMVVM.app */ = {isa = PBXFileReference; explicitFileType = wrapper.application; includeInIndex = 0; path = MovieMVVM.app; sourceTree = BUILT_PRODUCTS_DIR; };
		8458A85E26D6793E0081BED2 /* AppDelegate.swift */ = {isa = PBXFileReference; lastKnownFileType = sourcecode.swift; path = AppDelegate.swift; sourceTree = "<group>"; };
		8458A86226D6793E0081BED2 /* TabbarViewController.swift */ = {isa = PBXFileReference; lastKnownFileType = sourcecode.swift; path = TabbarViewController.swift; sourceTree = "<group>"; };
		8458A86526D6793E0081BED2 /* Base */ = {isa = PBXFileReference; lastKnownFileType = file.storyboard; name = Base; path = Base.lproj/Main.storyboard; sourceTree = "<group>"; };
		8458A86726D6793F0081BED2 /* Assets.xcassets */ = {isa = PBXFileReference; lastKnownFileType = folder.assetcatalog; path = Assets.xcassets; sourceTree = "<group>"; };
		8458A86A26D6793F0081BED2 /* Base */ = {isa = PBXFileReference; lastKnownFileType = file.storyboard; name = Base; path = Base.lproj/LaunchScreen.storyboard; sourceTree = "<group>"; };
		8458A86C26D6793F0081BED2 /* Info.plist */ = {isa = PBXFileReference; lastKnownFileType = text.plist.xml; path = Info.plist; sourceTree = "<group>"; };
		847E67D026DE75AA00139926 /* SearchViewModel.swift */ = {isa = PBXFileReference; lastKnownFileType = sourcecode.swift; path = SearchViewModel.swift; sourceTree = "<group>"; };
		847E67D326DE75B300139926 /* SearchNavigator.swift */ = {isa = PBXFileReference; lastKnownFileType = sourcecode.swift; path = SearchNavigator.swift; sourceTree = "<group>"; };
		847E67D626DE75D700139926 /* SearchUseCase.swift */ = {isa = PBXFileReference; lastKnownFileType = sourcecode.swift; path = SearchUseCase.swift; sourceTree = "<group>"; };
		847E67D926DE796A00139926 /* MovieDetailViewModelType.swift */ = {isa = PBXFileReference; lastKnownFileType = sourcecode.swift; path = MovieDetailViewModelType.swift; sourceTree = "<group>"; };
		847E67DC26DE797E00139926 /* MovieDetailNavigator.swift */ = {isa = PBXFileReference; lastKnownFileType = sourcecode.swift; path = MovieDetailNavigator.swift; sourceTree = "<group>"; };
		847E67DF26DE798B00139926 /* MovieDetailUseCase.swift */ = {isa = PBXFileReference; lastKnownFileType = sourcecode.swift; path = MovieDetailUseCase.swift; sourceTree = "<group>"; };
		8481DD0026DD10F900AF2E05 /* MovieByGenreDataSourceDelegate.swift */ = {isa = PBXFileReference; lastKnownFileType = sourcecode.swift; path = MovieByGenreDataSourceDelegate.swift; sourceTree = "<group>"; };
		8481DD0526DD17D200AF2E05 /* MovieRepository.swift */ = {isa = PBXFileReference; lastKnownFileType = sourcecode.swift; path = MovieRepository.swift; sourceTree = "<group>"; };
		8481DD0826DD18A300AF2E05 /* MovieResponse.swift */ = {isa = PBXFileReference; lastKnownFileType = sourcecode.swift; path = MovieResponse.swift; sourceTree = "<group>"; };
		8481DD0B26DD195A00AF2E05 /* Movie.swift */ = {isa = PBXFileReference; lastKnownFileType = sourcecode.swift; path = Movie.swift; sourceTree = "<group>"; };
		8481DD0E26DD22B100AF2E05 /* MovieRequest.swift */ = {isa = PBXFileReference; lastKnownFileType = sourcecode.swift; path = MovieRequest.swift; sourceTree = "<group>"; };
		8481DD1126DD3EA500AF2E05 /* Date+.swift */ = {isa = PBXFileReference; lastKnownFileType = sourcecode.swift; path = "Date+.swift"; sourceTree = "<group>"; };
		84BE03E826DB202900EB254D /* MovieByGenreViewModel.swift */ = {isa = PBXFileReference; lastKnownFileType = sourcecode.swift; path = MovieByGenreViewModel.swift; sourceTree = "<group>"; };
		84BE03EB26DB21D900EB254D /* MovieByGenreNavigator.swift */ = {isa = PBXFileReference; lastKnownFileType = sourcecode.swift; path = MovieByGenreNavigator.swift; sourceTree = "<group>"; };
		84BE03EE26DB2B7600EB254D /* MovieByGenreUseCase.swift */ = {isa = PBXFileReference; lastKnownFileType = sourcecode.swift; path = MovieByGenreUseCase.swift; sourceTree = "<group>"; };
		84BE03F226DB30EE00EB254D /* MovieByGenreCell.swift */ = {isa = PBXFileReference; lastKnownFileType = sourcecode.swift; path = MovieByGenreCell.swift; sourceTree = "<group>"; };
		84BE03F326DB30EE00EB254D /* MovieByGenreCell.xib */ = {isa = PBXFileReference; lastKnownFileType = file.xib; path = MovieByGenreCell.xib; sourceTree = "<group>"; };
		84CB070E26DA383600311E11 /* MovieDetail.storyboard */ = {isa = PBXFileReference; lastKnownFileType = file.storyboard; path = MovieDetail.storyboard; sourceTree = "<group>"; };
		84CB071126DA384D00311E11 /* MovieDetailViewController.swift */ = {isa = PBXFileReference; lastKnownFileType = sourcecode.swift; path = MovieDetailViewController.swift; sourceTree = "<group>"; };
		84CB071526DA394E00311E11 /* MovieByGenreViewController.swift */ = {isa = PBXFileReference; lastKnownFileType = sourcecode.swift; path = MovieByGenreViewController.swift; sourceTree = "<group>"; };
		84CB071826DA39A800311E11 /* MovieByGenre.storyboard */ = {isa = PBXFileReference; lastKnownFileType = file.storyboard; path = MovieByGenre.storyboard; sourceTree = "<group>"; };
		84CB071C26DA3B0E00311E11 /* Search.storyboard */ = {isa = PBXFileReference; lastKnownFileType = file.storyboard; path = Search.storyboard; sourceTree = "<group>"; };
		84CB071F26DA3B1E00311E11 /* SearchViewController.swift */ = {isa = PBXFileReference; lastKnownFileType = sourcecode.swift; path = SearchViewController.swift; sourceTree = "<group>"; };
		84CB072426DA449300311E11 /* NowMovieDataSourceDelegate.swift */ = {isa = PBXFileReference; lastKnownFileType = sourcecode.swift; path = NowMovieDataSourceDelegate.swift; sourceTree = "<group>"; };
		84CB072726DA47F900311E11 /* ViewControllerType.swift */ = {isa = PBXFileReference; lastKnownFileType = sourcecode.swift; path = ViewControllerType.swift; sourceTree = "<group>"; };
		84CB072B26DA48B100311E11 /* NowCell.swift */ = {isa = PBXFileReference; lastKnownFileType = sourcecode.swift; path = NowCell.swift; sourceTree = "<group>"; };
		84CB072C26DA48B100311E11 /* NowCell.xib */ = {isa = PBXFileReference; lastKnownFileType = file.xib; path = NowCell.xib; sourceTree = "<group>"; };
		84CB073026DA4F6D00311E11 /* TopMovieDataSourceDelegate.swift */ = {isa = PBXFileReference; lastKnownFileType = sourcecode.swift; path = TopMovieDataSourceDelegate.swift; sourceTree = "<group>"; };
		84CB073326DA532200311E11 /* TopCell.swift */ = {isa = PBXFileReference; lastKnownFileType = sourcecode.swift; path = TopCell.swift; sourceTree = "<group>"; };
		84CB073426DA532200311E11 /* TopCell.xib */ = {isa = PBXFileReference; lastKnownFileType = file.xib; path = TopCell.xib; sourceTree = "<group>"; };
		84D8AB6B26D9288300E5539F /* NavigationView.xib */ = {isa = PBXFileReference; lastKnownFileType = file.xib; path = NavigationView.xib; sourceTree = "<group>"; };
		84D8AB7226D928FC00E5539F /* NavigationView.swift */ = {isa = PBXFileReference; lastKnownFileType = sourcecode.swift; path = NavigationView.swift; sourceTree = "<group>"; };
		84E9807326DFD27B007D4F0A /* SearchTextField.swift */ = {isa = PBXFileReference; lastKnownFileType = sourcecode.swift; path = SearchTextField.swift; sourceTree = "<group>"; };
		84E9807926DFDA4D007D4F0A /* SearchRequest.swift */ = {isa = PBXFileReference; lastKnownFileType = sourcecode.swift; path = SearchRequest.swift; sourceTree = "<group>"; };
		84EE81C926D9DD1800E38477 /* GenreImageCell.swift */ = {isa = PBXFileReference; lastKnownFileType = sourcecode.swift; path = GenreImageCell.swift; sourceTree = "<group>"; };
		84EE81CA26D9DD1800E38477 /* GenreImageCell.xib */ = {isa = PBXFileReference; lastKnownFileType = file.xib; path = GenreImageCell.xib; sourceTree = "<group>"; };
		84EE81D126D9DE5400E38477 /* UIView+.swift */ = {isa = PBXFileReference; lastKnownFileType = sourcecode.swift; path = "UIView+.swift"; sourceTree = "<group>"; };
		84FDF81926D935CE00B5767C /* GenreDataSourceDelegate.swift */ = {isa = PBXFileReference; lastKnownFileType = sourcecode.swift; path = GenreDataSourceDelegate.swift; sourceTree = "<group>"; };
		F1E0A2424C70713C2C837CE7 /* Pods_MovieMVVM.framework */ = {isa = PBXFileReference; explicitFileType = wrapper.framework; includeInIndex = 0; path = Pods_MovieMVVM.framework; sourceTree = BUILT_PRODUCTS_DIR; };
/* End PBXFileReference section */

/* Begin PBXFrameworksBuildPhase section */
		8458A85826D6793E0081BED2 /* Frameworks */ = {
			isa = PBXFrameworksBuildPhase;
			buildActionMask = 2147483647;
			files = (
				FEB836187A59B34F0EE96D94 /* Pods_MovieMVVM.framework in Frameworks */,
			);
			runOnlyForDeploymentPostprocessing = 0;
		};
/* End PBXFrameworksBuildPhase section */

/* Begin PBXGroup section */
		0FDF66966D922C2EF31AD86C /* Frameworks */ = {
			isa = PBXGroup;
			children = (
				F1E0A2424C70713C2C837CE7 /* Pods_MovieMVVM.framework */,
			);
			name = Frameworks;
			sourceTree = "<group>";
		};
		109335A283713855118CAFB8 /* Pods */ = {
			isa = PBXGroup;
			children = (
				6E308E5504F1AC00236A952C /* Pods-MovieMVVM.debug.xcconfig */,
				565C64386A4B445B29DB5290 /* Pods-MovieMVVM.release.xcconfig */,
			);
			path = Pods;
			sourceTree = "<group>";
		};
		8408930D26D7E66B0064E851 /* Platform */ = {
			isa = PBXGroup;
			children = (
				8408933326D7E66B0064E851 /* Repositories */,
				8408930E26D7E66B0064E851 /* API */,
			);
			path = Platform;
			sourceTree = "<group>";
		};
		8408930E26D7E66B0064E851 /* API */ = {
			isa = PBXGroup;
			children = (
				8408930F26D7E66B0064E851 /* Middleware */,
				8408931226D7E66B0064E851 /* Response */,
				8408932126D7E66B0064E851 /* Request */,
				8408932926D7E66B0064E851 /* Service */,
				8408932B26D7E66B0064E851 /* Error */,
			);
			path = API;
			sourceTree = "<group>";
		};
		8408930F26D7E66B0064E851 /* Middleware */ = {
			isa = PBXGroup;
			children = (
				8408931126D7E66B0064E851 /* BaseResult.swift */,
			);
			path = Middleware;
			sourceTree = "<group>";
		};
		8408931226D7E66B0064E851 /* Response */ = {
			isa = PBXGroup;
			children = (
				8408931326D7E66B0064E851 /* GenreResponse.swift */,
				8408931826D7E66B0064E851 /* HTTPStatusCode.swift */,
				8481DD0826DD18A300AF2E05 /* MovieResponse.swift */,
			);
			path = Response;
			sourceTree = "<group>";
		};
		8408932126D7E66B0064E851 /* Request */ = {
			isa = PBXGroup;
			children = (
				8408932226D7E66B0064E851 /* BaseRequest.swift */,
				8408932626D7E66B0064E851 /* GenreRequest.swift */,
				8481DD0E26DD22B100AF2E05 /* MovieRequest.swift */,
				84E9807926DFDA4D007D4F0A /* SearchRequest.swift */,
			);
			path = Request;
			sourceTree = "<group>";
		};
		8408932926D7E66B0064E851 /* Service */ = {
			isa = PBXGroup;
			children = (
				8408932A26D7E66B0064E851 /* APIService.swift */,
			);
			path = Service;
			sourceTree = "<group>";
		};
		8408932B26D7E66B0064E851 /* Error */ = {
			isa = PBXGroup;
			children = (
				8408932C26D7E66B0064E851 /* ErrorResponse.swift */,
				8408932D26D7E66B0064E851 /* BaseError.swift */,
			);
			path = Error;
			sourceTree = "<group>";
		};
		8408932E26D7E66B0064E851 /* Domain */ = {
			isa = PBXGroup;
			children = (
				8408933626D7E66B0064E851 /* Model */,
			);
			path = Domain;
			sourceTree = "<group>";
		};
		8408933326D7E66B0064E851 /* Repositories */ = {
			isa = PBXGroup;
			children = (
				8408938A26D7EC6E0064E851 /* GenreRepository.swift */,
				8481DD0526DD17D200AF2E05 /* MovieRepository.swift */,
			);
			path = Repositories;
			sourceTree = "<group>";
		};
		8408933626D7E66B0064E851 /* Model */ = {
			isa = PBXGroup;
			children = (
				8408933926D7E66B0064E851 /* Genre.swift */,
				8481DD0B26DD195A00AF2E05 /* Movie.swift */,
			);
			path = Model;
			sourceTree = "<group>";
		};
		8408938226D7E96D0064E851 /* Utils */ = {
			isa = PBXGroup;
			children = (
				8408938326D7E97C0064E851 /* URLs.swift */,
				8408938626D7E9C10064E851 /* APIKey.swift */,
			);
			path = Utils;
			sourceTree = "<group>";
		};
		842F113826D7BB9000731112 /* App */ = {
			isa = PBXGroup;
			children = (
				842F113926D7BBA100731112 /* AppNavigator.swift */,
				842F113C26D7BC5900731112 /* AppViewModel.swift */,
			);
			path = App;
			sourceTree = "<group>";
		};
		843443F526D68FC7009300BB /* Home */ = {
			isa = PBXGroup;
			children = (
				84CB072A26DA489800311E11 /* Cell */,
				843443F626D68FD9009300BB /* HomeViewController.swift */,
				842F114826D7CF1F00731112 /* HomeNavigator.swift */,
				842F114B26D7CF8400731112 /* HomeUseCase.swift */,
				842F114526D7CE3D00731112 /* HomeViewModel.swift */,
				843443FA26D6900E009300BB /* Home.storyboard */,
				84CB072426DA449300311E11 /* NowMovieDataSourceDelegate.swift */,
				84CB073026DA4F6D00311E11 /* TopMovieDataSourceDelegate.swift */,
			);
			path = Home;
			sourceTree = "<group>";
		};
		843443FD26D69037009300BB /* StoryBoard */ = {
			isa = PBXGroup;
			children = (
				843443FF26D6905D009300BB /* StoryBoard.swift */,
				84CB072726DA47F900311E11 /* ViewControllerType.swift */,
			);
			path = StoryBoard;
			sourceTree = "<group>";
		};
		8434440226D6913B009300BB /* Genre */ = {
			isa = PBXGroup;
			children = (
				84EE81C826D9DCF700E38477 /* Cell */,
				8434440326D69147009300BB /* Genre.storyboard */,
				8434440626D6915C009300BB /* GenreViewController.swift */,
				842F114E26D7D06900731112 /* GenreViewModel.swift */,
				84FDF81926D935CE00B5767C /* GenreDataSourceDelegate.swift */,
				842F115126D7D0B400731112 /* GenreNavigator.swift */,
				842F115426D7D0FE00731112 /* GenreUseCase.swift */,
			);
			path = Genre;
			sourceTree = "<group>";
		};
		8434440926D6923B009300BB /* Favorite */ = {
			isa = PBXGroup;
			children = (
				8434440A26D69246009300BB /* Favorite.storyboard */,
				842F115726D7D2E800731112 /* FavoriteNavigator.swift */,
				842F115A26D7D33500731112 /* FavoriteUseCase.swift */,
				842F115D26D7D35700731112 /* FavoriteViewModel.swift */,
				8434440D26D69255009300BB /* FavoriteViewController.swift */,
			);
			path = Favorite;
			sourceTree = "<group>";
		};
		8458A85226D6793E0081BED2 = {
			isa = PBXGroup;
			children = (
				8458A85D26D6793E0081BED2 /* MovieMVVM */,
				8458A85C26D6793E0081BED2 /* Products */,
				109335A283713855118CAFB8 /* Pods */,
				0FDF66966D922C2EF31AD86C /* Frameworks */,
			);
			sourceTree = "<group>";
		};
		8458A85C26D6793E0081BED2 /* Products */ = {
			isa = PBXGroup;
			children = (
				8458A85B26D6793E0081BED2 /* MovieMVVM.app */,
			);
			name = Products;
			sourceTree = "<group>";
		};
		8458A85D26D6793E0081BED2 /* MovieMVVM */ = {
			isa = PBXGroup;
			children = (
				84E9807226DFD26F007D4F0A /* Define */,
				84D8AB7526D92A1900E5539F /* Extension */,
				8408938226D7E96D0064E851 /* Utils */,
				8408932E26D7E66B0064E851 /* Domain */,
				8408930D26D7E66B0064E851 /* Platform */,
				8458A87C26D682820081BED2 /* Support */,
				8458A87A26D682370081BED2 /* Resource */,
				8458A87826D682060081BED2 /* Scenes */,
				8458A87726D681EA0081BED2 /* Application */,
			);
			path = MovieMVVM;
			sourceTree = "<group>";
		};
		8458A87726D681EA0081BED2 /* Application */ = {
			isa = PBXGroup;
			children = (
				8458A85E26D6793E0081BED2 /* AppDelegate.swift */,
			);
			path = Application;
			sourceTree = "<group>";
		};
		8458A87826D682060081BED2 /* Scenes */ = {
			isa = PBXGroup;
			children = (
				84CB071B26DA3B0300311E11 /* Search */,
				84CB071426DA38F900311E11 /* MovieByGenre */,
				84CB070D26DA381C00311E11 /* MovieDetail */,
				84D8AB6A26D9286600E5539F /* CustomView */,
				842F113826D7BB9000731112 /* App */,
				8434440926D6923B009300BB /* Favorite */,
				8434440226D6913B009300BB /* Genre */,
				843443FD26D69037009300BB /* StoryBoard */,
				843443F526D68FC7009300BB /* Home */,
				8458A87926D682290081BED2 /* Main */,
			);
			path = Scenes;
			sourceTree = "<group>";
		};
		8458A87926D682290081BED2 /* Main */ = {
			isa = PBXGroup;
			children = (
				8458A86226D6793E0081BED2 /* TabbarViewController.swift */,
				842F113F26D7C18700731112 /* TabbarViewModel.swift */,
				842F114226D7C1A900731112 /* TabbarNavigator.swift */,
				8458A86426D6793E0081BED2 /* Main.storyboard */,
				8458A86926D6793F0081BED2 /* LaunchScreen.storyboard */,
			);
			path = Main;
			sourceTree = "<group>";
		};
		8458A87A26D682370081BED2 /* Resource */ = {
			isa = PBXGroup;
			children = (
				8458A86726D6793F0081BED2 /* Assets.xcassets */,
			);
			path = Resource;
			sourceTree = "<group>";
		};
		8458A87C26D682820081BED2 /* Support */ = {
			isa = PBXGroup;
			children = (
				8458A86C26D6793F0081BED2 /* Info.plist */,
			);
			path = Support;
			sourceTree = "<group>";
		};
		84BE03F126DB30D300EB254D /* Cell */ = {
			isa = PBXGroup;
			children = (
				84BE03F226DB30EE00EB254D /* MovieByGenreCell.swift */,
				84BE03F326DB30EE00EB254D /* MovieByGenreCell.xib */,
			);
			path = Cell;
			sourceTree = "<group>";
		};
		84CB070D26DA381C00311E11 /* MovieDetail */ = {
			isa = PBXGroup;
			children = (
				84CB070E26DA383600311E11 /* MovieDetail.storyboard */,
				84CB071126DA384D00311E11 /* MovieDetailViewController.swift */,
				847E67DF26DE798B00139926 /* MovieDetailUseCase.swift */,
				847E67D926DE796A00139926 /* MovieDetailViewModelType.swift */,
				847E67DC26DE797E00139926 /* MovieDetailNavigator.swift */,
			);
			path = MovieDetail;
			sourceTree = "<group>";
		};
		84CB071426DA38F900311E11 /* MovieByGenre */ = {
			isa = PBXGroup;
			children = (
				84BE03F126DB30D300EB254D /* Cell */,
				84CB071526DA394E00311E11 /* MovieByGenreViewController.swift */,
				84BE03EB26DB21D900EB254D /* MovieByGenreNavigator.swift */,
				8481DD0026DD10F900AF2E05 /* MovieByGenreDataSourceDelegate.swift */,
				84BE03EE26DB2B7600EB254D /* MovieByGenreUseCase.swift */,
				84CB071826DA39A800311E11 /* MovieByGenre.storyboard */,
				84BE03E826DB202900EB254D /* MovieByGenreViewModel.swift */,
			);
			path = MovieByGenre;
			sourceTree = "<group>";
		};
		84CB071B26DA3B0300311E11 /* Search */ = {
			isa = PBXGroup;
			children = (
				84CB071C26DA3B0E00311E11 /* Search.storyboard */,
				84CB071F26DA3B1E00311E11 /* SearchViewController.swift */,
				847E67D026DE75AA00139926 /* SearchViewModel.swift */,
				847E67D626DE75D700139926 /* SearchUseCase.swift */,
				847E67D326DE75B300139926 /* SearchNavigator.swift */,
			);
			path = Search;
			sourceTree = "<group>";
		};
		84CB072A26DA489800311E11 /* Cell */ = {
			isa = PBXGroup;
			children = (
				84CB072B26DA48B100311E11 /* NowCell.swift */,
				84CB072C26DA48B100311E11 /* NowCell.xib */,
				84CB073326DA532200311E11 /* TopCell.swift */,
				84CB073426DA532200311E11 /* TopCell.xib */,
			);
			path = Cell;
			sourceTree = "<group>";
		};
		84D8AB6A26D9286600E5539F /* CustomView */ = {
			isa = PBXGroup;
			children = (
				84D8AB6B26D9288300E5539F /* NavigationView.xib */,
				84D8AB7226D928FC00E5539F /* NavigationView.swift */,
			);
			path = CustomView;
			sourceTree = "<group>";
		};
		84D8AB7526D92A1900E5539F /* Extension */ = {
			isa = PBXGroup;
			children = (
				84EE81D126D9DE5400E38477 /* UIView+.swift */,
				8481DD1126DD3EA500AF2E05 /* Date+.swift */,
			);
			path = Extension;
			sourceTree = "<group>";
		};
		84E9807226DFD26F007D4F0A /* Define */ = {
			isa = PBXGroup;
			children = (
				84E9807326DFD27B007D4F0A /* SearchTextField.swift */,
			);
			path = Define;
			sourceTree = "<group>";
		};
		84EE81C826D9DCF700E38477 /* Cell */ = {
			isa = PBXGroup;
			children = (
				84EE81C926D9DD1800E38477 /* GenreImageCell.swift */,
				84EE81CA26D9DD1800E38477 /* GenreImageCell.xib */,
			);
			path = Cell;
			sourceTree = "<group>";
		};
/* End PBXGroup section */

/* Begin PBXNativeTarget section */
		8458A85A26D6793E0081BED2 /* MovieMVVM */ = {
			isa = PBXNativeTarget;
			buildConfigurationList = 8458A86F26D6793F0081BED2 /* Build configuration list for PBXNativeTarget "MovieMVVM" */;
			buildPhases = (
				1236F5C99ADAE3631E299AED /* [CP] Check Pods Manifest.lock */,
				8458A85726D6793E0081BED2 /* Sources */,
				8458A85826D6793E0081BED2 /* Frameworks */,
				8458A85926D6793E0081BED2 /* Resources */,
				8458A88126D6863A0081BED2 /* ShellScript */,
				F8105D82B2D09C0953378740 /* [CP] Embed Pods Frameworks */,
			);
			buildRules = (
			);
			dependencies = (
			);
			name = MovieMVVM;
			productName = MovieMVVM;
			productReference = 8458A85B26D6793E0081BED2 /* MovieMVVM.app */;
			productType = "com.apple.product-type.application";
		};
/* End PBXNativeTarget section */

/* Begin PBXProject section */
		8458A85326D6793E0081BED2 /* Project object */ = {
			isa = PBXProject;
			attributes = {
				LastSwiftUpdateCheck = 1240;
				LastUpgradeCheck = 1240;
				TargetAttributes = {
					8458A85A26D6793E0081BED2 = {
						CreatedOnToolsVersion = 12.4;
					};
				};
			};
			buildConfigurationList = 8458A85626D6793E0081BED2 /* Build configuration list for PBXProject "MovieMVVM" */;
			compatibilityVersion = "Xcode 9.3";
			developmentRegion = en;
			hasScannedForEncodings = 0;
			knownRegions = (
				en,
				Base,
			);
			mainGroup = 8458A85226D6793E0081BED2;
			productRefGroup = 8458A85C26D6793E0081BED2 /* Products */;
			projectDirPath = "";
			projectRoot = "";
			targets = (
				8458A85A26D6793E0081BED2 /* MovieMVVM */,
			);
		};
/* End PBXProject section */

/* Begin PBXResourcesBuildPhase section */
		8458A85926D6793E0081BED2 /* Resources */ = {
			isa = PBXResourcesBuildPhase;
			buildActionMask = 2147483647;
			files = (
				84CB071926DA39A800311E11 /* MovieByGenre.storyboard in Resources */,
				8458A86B26D6793F0081BED2 /* LaunchScreen.storyboard in Resources */,
				8458A86826D6793F0081BED2 /* Assets.xcassets in Resources */,
				84BE03F526DB30EE00EB254D /* MovieByGenreCell.xib in Resources */,
				8434440B26D69246009300BB /* Favorite.storyboard in Resources */,
				84CB070F26DA383600311E11 /* MovieDetail.storyboard in Resources */,
				8458A86626D6793E0081BED2 /* Main.storyboard in Resources */,
				843443FB26D6900E009300BB /* Home.storyboard in Resources */,
				84CB071D26DA3B0E00311E11 /* Search.storyboard in Resources */,
				84CB072E26DA48B100311E11 /* NowCell.xib in Resources */,
				8434440426D69147009300BB /* Genre.storyboard in Resources */,
				84CB073626DA532200311E11 /* TopCell.xib in Resources */,
				84D8AB6C26D9288300E5539F /* NavigationView.xib in Resources */,
				84EE81CC26D9DD1800E38477 /* GenreImageCell.xib in Resources */,
			);
			runOnlyForDeploymentPostprocessing = 0;
		};
/* End PBXResourcesBuildPhase section */

/* Begin PBXShellScriptBuildPhase section */
		1236F5C99ADAE3631E299AED /* [CP] Check Pods Manifest.lock */ = {
			isa = PBXShellScriptBuildPhase;
			buildActionMask = 2147483647;
			files = (
			);
			inputFileListPaths = (
			);
			inputPaths = (
				"${PODS_PODFILE_DIR_PATH}/Podfile.lock",
				"${PODS_ROOT}/Manifest.lock",
			);
			name = "[CP] Check Pods Manifest.lock";
			outputFileListPaths = (
			);
			outputPaths = (
				"$(DERIVED_FILE_DIR)/Pods-MovieMVVM-checkManifestLockResult.txt",
			);
			runOnlyForDeploymentPostprocessing = 0;
			shellPath = /bin/sh;
			shellScript = "diff \"${PODS_PODFILE_DIR_PATH}/Podfile.lock\" \"${PODS_ROOT}/Manifest.lock\" > /dev/null\nif [ $? != 0 ] ; then\n    # print error to STDERR\n    echo \"error: The sandbox is not in sync with the Podfile.lock. Run 'pod install' or update your CocoaPods installation.\" >&2\n    exit 1\nfi\n# This output is used by Xcode 'outputs' to avoid re-running this script phase.\necho \"SUCCESS\" > \"${SCRIPT_OUTPUT_FILE_0}\"\n";
			showEnvVarsInLog = 0;
		};
		8458A88126D6863A0081BED2 /* ShellScript */ = {
			isa = PBXShellScriptBuildPhase;
			buildActionMask = 2147483647;
			files = (
			);
			inputFileListPaths = (
			);
			inputPaths = (
			);
			outputFileListPaths = (
			);
			outputPaths = (
			);
			runOnlyForDeploymentPostprocessing = 0;
			shellPath = /bin/sh;
			shellScript = "if which swiftlint >/dev/null; then\n  swiftlint\nelse\n  echo \"warning: SwiftLint not installed, download from https://github.com/realm/SwiftLint\"\nfi\n";
		};
		F8105D82B2D09C0953378740 /* [CP] Embed Pods Frameworks */ = {
			isa = PBXShellScriptBuildPhase;
			buildActionMask = 2147483647;
			files = (
			);
			inputFileListPaths = (
				"${PODS_ROOT}/Target Support Files/Pods-MovieMVVM/Pods-MovieMVVM-frameworks-${CONFIGURATION}-input-files.xcfilelist",
			);
			name = "[CP] Embed Pods Frameworks";
			outputFileListPaths = (
				"${PODS_ROOT}/Target Support Files/Pods-MovieMVVM/Pods-MovieMVVM-frameworks-${CONFIGURATION}-output-files.xcfilelist",
			);
			runOnlyForDeploymentPostprocessing = 0;
			shellPath = /bin/sh;
			shellScript = "\"${PODS_ROOT}/Target Support Files/Pods-MovieMVVM/Pods-MovieMVVM-frameworks.sh\"\n";
			showEnvVarsInLog = 0;
		};
/* End PBXShellScriptBuildPhase section */

/* Begin PBXSourcesBuildPhase section */
		8458A85726D6793E0081BED2 /* Sources */ = {
			isa = PBXSourcesBuildPhase;
			buildActionMask = 2147483647;
			files = (
				847E67D426DE75B300139926 /* SearchNavigator.swift in Sources */,
				842F115226D7D0B400731112 /* GenreNavigator.swift in Sources */,
				8434440026D6905D009300BB /* StoryBoard.swift in Sources */,
				8408938B26D7EC6E0064E851 /* GenreRepository.swift in Sources */,
				84BE03EF26DB2B7600EB254D /* MovieByGenreUseCase.swift in Sources */,
				8408934C26D7E66B0064E851 /* BaseRequest.swift in Sources */,
				84CB072026DA3B1E00311E11 /* SearchViewController.swift in Sources */,
				842F114626D7CE3D00731112 /* HomeViewModel.swift in Sources */,
				8408935026D7E66B0064E851 /* GenreRequest.swift in Sources */,
				84FDF81A26D935CE00B5767C /* GenreDataSourceDelegate.swift in Sources */,
				84BE03EC26DB21D900EB254D /* MovieByGenreNavigator.swift in Sources */,
				842F114026D7C18700731112 /* TabbarViewModel.swift in Sources */,
				84CB072526DA449300311E11 /* NowMovieDataSourceDelegate.swift in Sources */,
				8434440726D6915C009300BB /* GenreViewController.swift in Sources */,
				84EE81D226D9DE5400E38477 /* UIView+.swift in Sources */,
				842F113D26D7BC5900731112 /* AppViewModel.swift in Sources */,
				8408934526D7E66B0064E851 /* HTTPStatusCode.swift in Sources */,
				84CB073526DA532200311E11 /* TopCell.swift in Sources */,
				8481DD0126DD10F900AF2E05 /* MovieByGenreDataSourceDelegate.swift in Sources */,
				8408935C26D7E66B0064E851 /* Genre.swift in Sources */,
				842F113A26D7BBA100731112 /* AppNavigator.swift in Sources */,
				847E67D726DE75D700139926 /* SearchUseCase.swift in Sources */,
				84BE03F426DB30EE00EB254D /* MovieByGenreCell.swift in Sources */,
				842F115E26D7D35700731112 /* FavoriteViewModel.swift in Sources */,
				842F115B26D7D33500731112 /* FavoriteUseCase.swift in Sources */,
				84CB071626DA394E00311E11 /* MovieByGenreViewController.swift in Sources */,
				847E67D126DE75AA00139926 /* SearchViewModel.swift in Sources */,
				84CB071226DA384D00311E11 /* MovieDetailViewController.swift in Sources */,
				842F115526D7D0FE00731112 /* GenreUseCase.swift in Sources */,
				8408935326D7E66B0064E851 /* APIService.swift in Sources */,
				8408935526D7E66B0064E851 /* BaseError.swift in Sources */,
				8408934026D7E66B0064E851 /* GenreResponse.swift in Sources */,
				847E67DA26DE796A00139926 /* MovieDetailViewModelType.swift in Sources */,
				847E67E026DE798B00139926 /* MovieDetailUseCase.swift in Sources */,
				8408935426D7E66B0064E851 /* ErrorResponse.swift in Sources */,
				8481DD0F26DD22B100AF2E05 /* MovieRequest.swift in Sources */,
				84BE03E926DB202900EB254D /* MovieByGenreViewModel.swift in Sources */,
				842F114326D7C1A900731112 /* TabbarNavigator.swift in Sources */,
				84EE81CB26D9DD1800E38477 /* GenreImageCell.swift in Sources */,
				8458A86326D6793E0081BED2 /* TabbarViewController.swift in Sources */,
				8481DD1226DD3EA500AF2E05 /* Date+.swift in Sources */,
				8458A85F26D6793E0081BED2 /* AppDelegate.swift in Sources */,
				8434440E26D69255009300BB /* FavoriteViewController.swift in Sources */,
				842F114926D7CF1F00731112 /* HomeNavigator.swift in Sources */,
				843443F726D68FD9009300BB /* HomeViewController.swift in Sources */,
				8408938426D7E97C0064E851 /* URLs.swift in Sources */,
				84E9807426DFD27B007D4F0A /* SearchTextField.swift in Sources */,
				8481DD0626DD17D200AF2E05 /* MovieRepository.swift in Sources */,
				84D8AB7326D928FC00E5539F /* NavigationView.swift in Sources */,
				8481DD0926DD18A300AF2E05 /* MovieResponse.swift in Sources */,
				8408933F26D7E66B0064E851 /* BaseResult.swift in Sources */,
				8408938726D7E9C10064E851 /* APIKey.swift in Sources */,
				84CB073126DA4F6D00311E11 /* TopMovieDataSourceDelegate.swift in Sources */,
				847E67DD26DE797E00139926 /* MovieDetailNavigator.swift in Sources */,
				84CB072826DA47F900311E11 /* ViewControllerType.swift in Sources */,
				84E9807A26DFDA4D007D4F0A /* SearchRequest.swift in Sources */,
				842F115826D7D2E800731112 /* FavoriteNavigator.swift in Sources */,
				842F114F26D7D06900731112 /* GenreViewModel.swift in Sources */,
				842F114C26D7CF8400731112 /* HomeUseCase.swift in Sources */,
				84CB072D26DA48B100311E11 /* NowCell.swift in Sources */,
				8481DD0C26DD195A00AF2E05 /* Movie.swift in Sources */,
			);
			runOnlyForDeploymentPostprocessing = 0;
		};
/* End PBXSourcesBuildPhase section */

/* Begin PBXVariantGroup section */
		8458A86426D6793E0081BED2 /* Main.storyboard */ = {
			isa = PBXVariantGroup;
			children = (
				8458A86526D6793E0081BED2 /* Base */,
			);
			name = Main.storyboard;
			sourceTree = "<group>";
		};
		8458A86926D6793F0081BED2 /* LaunchScreen.storyboard */ = {
			isa = PBXVariantGroup;
			children = (
				8458A86A26D6793F0081BED2 /* Base */,
			);
			name = LaunchScreen.storyboard;
			sourceTree = "<group>";
		};
/* End PBXVariantGroup section */

/* Begin XCBuildConfiguration section */
		8458A86D26D6793F0081BED2 /* Debug */ = {
			isa = XCBuildConfiguration;
			buildSettings = {
				ALWAYS_SEARCH_USER_PATHS = NO;
				CLANG_ANALYZER_NONNULL = YES;
				CLANG_ANALYZER_NUMBER_OBJECT_CONVERSION = YES_AGGRESSIVE;
				CLANG_CXX_LANGUAGE_STANDARD = "gnu++14";
				CLANG_CXX_LIBRARY = "libc++";
				CLANG_ENABLE_MODULES = YES;
				CLANG_ENABLE_OBJC_ARC = YES;
				CLANG_ENABLE_OBJC_WEAK = YES;
				CLANG_WARN_BLOCK_CAPTURE_AUTORELEASING = YES;
				CLANG_WARN_BOOL_CONVERSION = YES;
				CLANG_WARN_COMMA = YES;
				CLANG_WARN_CONSTANT_CONVERSION = YES;
				CLANG_WARN_DEPRECATED_OBJC_IMPLEMENTATIONS = YES;
				CLANG_WARN_DIRECT_OBJC_ISA_USAGE = YES_ERROR;
				CLANG_WARN_DOCUMENTATION_COMMENTS = YES;
				CLANG_WARN_EMPTY_BODY = YES;
				CLANG_WARN_ENUM_CONVERSION = YES;
				CLANG_WARN_INFINITE_RECURSION = YES;
				CLANG_WARN_INT_CONVERSION = YES;
				CLANG_WARN_NON_LITERAL_NULL_CONVERSION = YES;
				CLANG_WARN_OBJC_IMPLICIT_RETAIN_SELF = YES;
				CLANG_WARN_OBJC_LITERAL_CONVERSION = YES;
				CLANG_WARN_OBJC_ROOT_CLASS = YES_ERROR;
				CLANG_WARN_QUOTED_INCLUDE_IN_FRAMEWORK_HEADER = YES;
				CLANG_WARN_RANGE_LOOP_ANALYSIS = YES;
				CLANG_WARN_STRICT_PROTOTYPES = YES;
				CLANG_WARN_SUSPICIOUS_MOVE = YES;
				CLANG_WARN_UNGUARDED_AVAILABILITY = YES_AGGRESSIVE;
				CLANG_WARN_UNREACHABLE_CODE = YES;
				CLANG_WARN__DUPLICATE_METHOD_MATCH = YES;
				COPY_PHASE_STRIP = NO;
				DEBUG_INFORMATION_FORMAT = dwarf;
				ENABLE_STRICT_OBJC_MSGSEND = YES;
				ENABLE_TESTABILITY = YES;
				GCC_C_LANGUAGE_STANDARD = gnu11;
				GCC_DYNAMIC_NO_PIC = NO;
				GCC_NO_COMMON_BLOCKS = YES;
				GCC_OPTIMIZATION_LEVEL = 0;
				GCC_PREPROCESSOR_DEFINITIONS = (
					"DEBUG=1",
					"$(inherited)",
				);
				GCC_WARN_64_TO_32_BIT_CONVERSION = YES;
				GCC_WARN_ABOUT_RETURN_TYPE = YES_ERROR;
				GCC_WARN_UNDECLARED_SELECTOR = YES;
				GCC_WARN_UNINITIALIZED_AUTOS = YES_AGGRESSIVE;
				GCC_WARN_UNUSED_FUNCTION = YES;
				GCC_WARN_UNUSED_VARIABLE = YES;
				IPHONEOS_DEPLOYMENT_TARGET = 11.0;
				MTL_ENABLE_DEBUG_INFO = INCLUDE_SOURCE;
				MTL_FAST_MATH = YES;
				ONLY_ACTIVE_ARCH = YES;
				SDKROOT = iphoneos;
				SWIFT_ACTIVE_COMPILATION_CONDITIONS = DEBUG;
				SWIFT_OPTIMIZATION_LEVEL = "-Onone";
			};
			name = Debug;
		};
		8458A86E26D6793F0081BED2 /* Release */ = {
			isa = XCBuildConfiguration;
			buildSettings = {
				ALWAYS_SEARCH_USER_PATHS = NO;
				CLANG_ANALYZER_NONNULL = YES;
				CLANG_ANALYZER_NUMBER_OBJECT_CONVERSION = YES_AGGRESSIVE;
				CLANG_CXX_LANGUAGE_STANDARD = "gnu++14";
				CLANG_CXX_LIBRARY = "libc++";
				CLANG_ENABLE_MODULES = YES;
				CLANG_ENABLE_OBJC_ARC = YES;
				CLANG_ENABLE_OBJC_WEAK = YES;
				CLANG_WARN_BLOCK_CAPTURE_AUTORELEASING = YES;
				CLANG_WARN_BOOL_CONVERSION = YES;
				CLANG_WARN_COMMA = YES;
				CLANG_WARN_CONSTANT_CONVERSION = YES;
				CLANG_WARN_DEPRECATED_OBJC_IMPLEMENTATIONS = YES;
				CLANG_WARN_DIRECT_OBJC_ISA_USAGE = YES_ERROR;
				CLANG_WARN_DOCUMENTATION_COMMENTS = YES;
				CLANG_WARN_EMPTY_BODY = YES;
				CLANG_WARN_ENUM_CONVERSION = YES;
				CLANG_WARN_INFINITE_RECURSION = YES;
				CLANG_WARN_INT_CONVERSION = YES;
				CLANG_WARN_NON_LITERAL_NULL_CONVERSION = YES;
				CLANG_WARN_OBJC_IMPLICIT_RETAIN_SELF = YES;
				CLANG_WARN_OBJC_LITERAL_CONVERSION = YES;
				CLANG_WARN_OBJC_ROOT_CLASS = YES_ERROR;
				CLANG_WARN_QUOTED_INCLUDE_IN_FRAMEWORK_HEADER = YES;
				CLANG_WARN_RANGE_LOOP_ANALYSIS = YES;
				CLANG_WARN_STRICT_PROTOTYPES = YES;
				CLANG_WARN_SUSPICIOUS_MOVE = YES;
				CLANG_WARN_UNGUARDED_AVAILABILITY = YES_AGGRESSIVE;
				CLANG_WARN_UNREACHABLE_CODE = YES;
				CLANG_WARN__DUPLICATE_METHOD_MATCH = YES;
				COPY_PHASE_STRIP = NO;
				DEBUG_INFORMATION_FORMAT = "dwarf-with-dsym";
				ENABLE_NS_ASSERTIONS = NO;
				ENABLE_STRICT_OBJC_MSGSEND = YES;
				GCC_C_LANGUAGE_STANDARD = gnu11;
				GCC_NO_COMMON_BLOCKS = YES;
				GCC_WARN_64_TO_32_BIT_CONVERSION = YES;
				GCC_WARN_ABOUT_RETURN_TYPE = YES_ERROR;
				GCC_WARN_UNDECLARED_SELECTOR = YES;
				GCC_WARN_UNINITIALIZED_AUTOS = YES_AGGRESSIVE;
				GCC_WARN_UNUSED_FUNCTION = YES;
				GCC_WARN_UNUSED_VARIABLE = YES;
				IPHONEOS_DEPLOYMENT_TARGET = 11.0;
				MTL_ENABLE_DEBUG_INFO = NO;
				MTL_FAST_MATH = YES;
				SDKROOT = iphoneos;
				SWIFT_COMPILATION_MODE = wholemodule;
				SWIFT_OPTIMIZATION_LEVEL = "-O";
				VALIDATE_PRODUCT = YES;
			};
			name = Release;
		};
		8458A87026D6793F0081BED2 /* Debug */ = {
			isa = XCBuildConfiguration;
			baseConfigurationReference = 6E308E5504F1AC00236A952C /* Pods-MovieMVVM.debug.xcconfig */;
			buildSettings = {
				ASSETCATALOG_COMPILER_APPICON_NAME = AppIcon;
				ASSETCATALOG_COMPILER_GLOBAL_ACCENT_COLOR_NAME = AccentColor;
				CODE_SIGN_STYLE = Automatic;
				INFOPLIST_FILE = MovieMVVM/Support/Info.plist;
				IPHONEOS_DEPLOYMENT_TARGET = 11.0;
				LD_RUNPATH_SEARCH_PATHS = (
					"$(inherited)",
					"@executable_path/Frameworks",
				);
				PRODUCT_BUNDLE_IDENTIFIER = CuongIOS.MovieMVVM;
				PRODUCT_NAME = "$(TARGET_NAME)";
				SWIFT_VERSION = 5.0;
				TARGETED_DEVICE_FAMILY = "1,2";
			};
			name = Debug;
		};
		8458A87126D6793F0081BED2 /* Release */ = {
			isa = XCBuildConfiguration;
			baseConfigurationReference = 565C64386A4B445B29DB5290 /* Pods-MovieMVVM.release.xcconfig */;
			buildSettings = {
				ASSETCATALOG_COMPILER_APPICON_NAME = AppIcon;
				ASSETCATALOG_COMPILER_GLOBAL_ACCENT_COLOR_NAME = AccentColor;
				CODE_SIGN_STYLE = Automatic;
				INFOPLIST_FILE = MovieMVVM/Support/Info.plist;
				IPHONEOS_DEPLOYMENT_TARGET = 11.0;
				LD_RUNPATH_SEARCH_PATHS = (
					"$(inherited)",
					"@executable_path/Frameworks",
				);
				PRODUCT_BUNDLE_IDENTIFIER = CuongIOS.MovieMVVM;
				PRODUCT_NAME = "$(TARGET_NAME)";
				SWIFT_VERSION = 5.0;
				TARGETED_DEVICE_FAMILY = "1,2";
			};
			name = Release;
		};
/* End XCBuildConfiguration section */

/* Begin XCConfigurationList section */
		8458A85626D6793E0081BED2 /* Build configuration list for PBXProject "MovieMVVM" */ = {
			isa = XCConfigurationList;
			buildConfigurations = (
				8458A86D26D6793F0081BED2 /* Debug */,
				8458A86E26D6793F0081BED2 /* Release */,
			);
			defaultConfigurationIsVisible = 0;
			defaultConfigurationName = Release;
		};
		8458A86F26D6793F0081BED2 /* Build configuration list for PBXNativeTarget "MovieMVVM" */ = {
			isa = XCConfigurationList;
			buildConfigurations = (
				8458A87026D6793F0081BED2 /* Debug */,
				8458A87126D6793F0081BED2 /* Release */,
			);
			defaultConfigurationIsVisible = 0;
			defaultConfigurationName = Release;
		};
/* End XCConfigurationList section */
	};
	rootObject = 8458A85326D6793E0081BED2 /* Project object */;
}
